
Microsoft Visual Studio Solution File, Format Version 12.00
# Visual Studio 15
Project("{FAE04EC0-301F-11D3-BF4B-00C04F79EFBC}") = "dodgeman", "dodgeman.csproj", "{5C1AF58E-9D27-3BB4-5FDC-986F41EF8EBA}"
EndProject
Global
	GlobalSection(SolutionConfigurationPlatforms) = preSolution
		Debug|Any CPU = Debug|Any CPU
		Release|Any CPU = Release|Any CPU
	EndGlobalSection
	GlobalSection(ProjectConfigurationPlatforms) = postSolution
		{5C1AF58E-9D27-3BB4-5FDC-986F41EF8EBA}.Debug|Any CPU.ActiveCfg = Debug|Any CPU
		{5C1AF58E-9D27-3BB4-5FDC-986F41EF8EBA}.Debug|Any CPU.Build.0 = Debug|Any CPU
		{5C1AF58E-9D27-3BB4-5FDC-986F41EF8EBA}.Release|Any CPU.ActiveCfg = Release|Any CPU
		{5C1AF58E-9D27-3BB4-5FDC-986F41EF8EBA}.Release|Any CPU.Build.0 = Release|Any CPU
	EndGlobalSection
	GlobalSection(SolutionProperties) = preSolution
		HideSolutionNode = FALSE
	EndGlobalSection
EndGlobal
